// !$*UTF8*$!
{
	archiveVersion = 1;
	classes = {
	};
	objectVersion = 46;
	objects = {

/* Begin PBXBuildFile section */
		288B71351D206E9500BBB3EB /* AppDelegate.swift in Sources */ = {isa = PBXBuildFile; fileRef = 288B71341D206E9500BBB3EB /* AppDelegate.swift */; };
		288B71371D206E9500BBB3EB /* ViewController.swift in Sources */ = {isa = PBXBuildFile; fileRef = 288B71361D206E9500BBB3EB /* ViewController.swift */; };
		288B713A1D206E9500BBB3EB /* Main.storyboard in Resources */ = {isa = PBXBuildFile; fileRef = 288B71381D206E9500BBB3EB /* Main.storyboard */; };
		288B713C1D206E9600BBB3EB /* Assets.xcassets in Resources */ = {isa = PBXBuildFile; fileRef = 288B713B1D206E9600BBB3EB /* Assets.xcassets */; };
		288B713F1D206E9600BBB3EB /* LaunchScreen.storyboard in Resources */ = {isa = PBXBuildFile; fileRef = 288B713D1D206E9600BBB3EB /* LaunchScreen.storyboard */; };
/* End PBXBuildFile section */

/* Begin PBXFileReference section */
		288B71311D206E9500BBB3EB /* TipPro.app */ = {isa = PBXFileReference; explicitFileType = wrapper.application; includeInIndex = 0; path = TipPro.app; sourceTree = BUILT_PRODUCTS_DIR; };
		288B71341D206E9500BBB3EB /* AppDelegate.swift */ = {isa = PBXFileReference; lastKnownFileType = sourcecode.swift; path = AppDelegate.swift; sourceTree = "<group>"; };
		288B71361D206E9500BBB3EB /* ViewController.swift */ = {isa = PBXFileReference; lastKnownFileType = sourcecode.swift; path = ViewController.swift; sourceTree = "<group>"; };
		288B71391D206E9500BBB3EB /* Base */ = {isa = PBXFileReference; lastKnownFileType = file.storyboard; name = Base; path = Base.lproj/Main.storyboard; sourceTree = "<group>"; };
		288B713B1D206E9600BBB3EB /* Assets.xcassets */ = {isa = PBXFileReference; lastKnownFileType = folder.assetcatalog; path = Assets.xcassets; sourceTree = "<group>"; };
		288B713E1D206E9600BBB3EB /* Base */ = {isa = PBXFileReference; lastKnownFileType = file.storyboard; name = Base; path = Base.lproj/LaunchScreen.storyboard; sourceTree = "<group>"; };
		288B71401D206E9600BBB3EB /* Info.plist */ = {isa = PBXFileReference; lastKnownFileType = text.plist.xml; path = Info.plist; sourceTree = "<group>"; };
/* End PBXFileReference section */

/* Begin PBXFrameworksBuildPhase section */
		288B712E1D206E9500BBB3EB /* Frameworks */ = {
			isa = PBXFrameworksBuildPhase;
			buildActionMask = 2147483647;
			files = (
			);
			runOnlyForDeploymentPostprocessing = 0;
		};
/* End PBXFrameworksBuildPhase section */

/* Begin PBXGroup section */
		288B71281D206E9500BBB3EB = {
			isa = PBXGroup;
			children = (
				288B71331D206E9500BBB3EB /* TipPro */,
				288B71321D206E9500BBB3EB /* Products */,
			);
			sourceTree = "<group>";
		};
		288B71321D206E9500BBB3EB /* Products */ = {
			isa = PBXGroup;
			children = (
				288B71311D206E9500BBB3EB /* TipPro.app */,
			);
			name = Products;
			sourceTree = "<group>";
		};
		288B71331D206E9500BBB3EB /* TipPro */ = {
			isa = PBXGroup;
			children = (
				288B71341D206E9500BBB3EB /* AppDelegate.swift */,
				288B71361D206E9500BBB3EB /* ViewController.swift */,
				288B71381D206E9500BBB3EB /* Main.storyboard */,
				288B713B1D206E9600BBB3EB /* Assets.xcassets */,
				288B713D1D206E9600BBB3EB /* LaunchScreen.storyboard */,
				288B71401D206E9600BBB3EB /* Info.plist */,
			);
			path = TipPro;
			sourceTree = "<group>";
		};
/* End PBXGroup section */

/* Begin PBXNativeTarget section */
		288B71301D206E9500BBB3EB /* TipPro */ = {
			isa = PBXNativeTarget;
			buildConfigurationList = 288B71431D206E9600BBB3EB /* Build configuration list for PBXNativeTarget "TipPro" */;
			buildPhases = (
				288B712D1D206E9500BBB3EB /* Sources */,
				288B712E1D206E9500BBB3EB /* Frameworks */,
				288B712F1D206E9500BBB3EB /* Resources */,
			);
			buildRules = (
			);
			dependencies = (
			);
			name = TipPro;
			productName = TipPro;
			productReference = 288B71311D206E9500BBB3EB /* TipPro.app */;
			productType = "com.apple.product-type.application";
		};
/* End PBXNativeTarget section */

/* Begin PBXProject section */
		288B71291D206E9500BBB3EB /* Project object */ = {
			isa = PBXProject;
			attributes = {
				LastSwiftUpdateCheck = 0730;
				LastUpgradeCheck = 0730;
				ORGANIZATIONNAME = AbbyEF109;
				TargetAttributes = {
					288B71301D206E9500BBB3EB = {
						CreatedOnToolsVersion = 7.3.1;
					};
				};
			};
			buildConfigurationList = 288B712C1D206E9500BBB3EB /* Build configuration list for PBXProject "TipPro" */;
			compatibilityVersion = "Xcode 3.2";
			developmentRegion = English;
			hasScannedForEncodings = 0;
			knownRegions = (
				en,
				Base,
			);
			mainGroup = 288B71281D206E9500BBB3EB;
			productRefGroup = 288B71321D206E9500BBB3EB /* Products */;
			projectDirPath = "";
			projectRoot = "";
			targets = (
				288B71301D206E9500BBB3EB /* TipPro */,
			);
		};
/* End PBXProject section */

/* Begin PBXResourcesBuildPhase section */
		288B712F1D206E9500BBB3EB /* Resources */ = {
			isa = PBXResourcesBuildPhase;
			buildActionMask = 2147483647;
			files = (
				288B713F1D206E9600BBB3EB /* LaunchScreen.storyboard in Resources */,
				288B713C1D206E9600BBB3EB /* Assets.xcassets in Resources */,
				288B713A1D206E9500BBB3EB /* Main.storyboard in Resources */,
			);
			runOnlyForDeploymentPostprocessing = 0;
		};
/* End PBXResourcesBuildPhase section */

/* Begin PBXSourcesBuildPhase section */
		288B712D1D206E9500BBB3EB /* Sources */ = {
			isa = PBXSourcesBuildPhase;
			buildActionMask = 2147483647;
			files = (
				288B71371D206E9500BBB3EB /* ViewController.swift in Sources */,
				288B71351D206E9500BBB3EB /* AppDelegate.swift in Sources */,
			);
			runOnlyForDeploymentPostprocessing = 0;
		};
/* End PBXSourcesBuildPhase section */

/* Begin PBXVariantGroup section */
		288B71381D206E9500BBB3EB /* Main.storyboard */ = {
			isa = PBXVariantGroup;
			children = (
				288B71391D206E9500BBB3EB /* Base */,
			);
			name = Main.storyboard;
			sourceTree = "<group>";
		};
		288B713D1D206E9600BBB3EB /* LaunchScreen.storyboard */ = {
			isa = PBXVariantGroup;
			children = (
				288B713E1D206E9600BBB3EB /* Base */,
			);
			name = LaunchScreen.storyboard;
			sourceTree = "<group>";
		};
/* End PBXVariantGroup section */

/* Begin XCBuildConfiguration section */
		288B71411D206E9600BBB3EB /* Debug */ = {
			isa = XCBuildConfiguration;
			buildSettings = {
				ALWAYS_SEARCH_USER_PATHS = NO;
				CLANG_ANALYZER_NONNULL = YES;
				CLANG_CXX_LANGUAGE_STANDARD = "gnu++0x";
				CLANG_CXX_LIBRARY = "libc++";
				CLANG_ENABLE_MODULES = YES;
				CLANG_ENABLE_OBJC_ARC = YES;
				CLANG_WARN_BOOL_CONVERSION = YES;
				CLANG_WARN_CONSTANT_CONVERSION = YES;
				CLANG_WARN_DIRECT_OBJC_ISA_USAGE = YES_ERROR;
				CLANG_WARN_EMPTY_BODY = YES;
				CLANG_WARN_ENUM_CONVERSION = YES;
				CLANG_WARN_INT_CONVERSION = YES;
				CLANG_WARN_OBJC_ROOT_CLASS = YES_ERROR;
				CLANG_WARN_UNREACHABLE_CODE = YES;
				CLANG_WARN__DUPLICATE_METHOD_MATCH = YES;
				"CODE_SIGN_IDENTITY[sdk=iphoneos*]" = "iPhone Developer";
				COPY_PHASE_STRIP = NO;
				DEBUG_INFORMATION_FORMAT = dwarf;
				ENABLE_STRICT_OBJC_MSGSEND = YES;
				ENABLE_TESTABILITY = YES;
				GCC_C_LANGUAGE_STANDARD = gnu99;
				GCC_DYNAMIC_NO_PIC = NO;
				GCC_NO_COMMON_BLOCKS = YES;
				GCC_OPTIMIZATION_LEVEL = 0;
				GCC_PREPROCESSOR_DEFINITIONS = (
					"DEBUG=1",
					"$(inherited)",
				);
				GCC_WARN_64_TO_32_BIT_CONVERSION = YES;
				GCC_WARN_ABOUT_RETURN_TYPE = YES_ERROR;
				GCC_WARN_UNDECLARED_SELECTOR = YES;
				GCC_WARN_UNINITIALIZED_AUTOS = YES_AGGRESSIVE;
				GCC_WARN_UNUSED_FUNCTION = YES;
				GCC_WARN_UNUSED_VARIABLE = YES;
				IPHONEOS_DEPLOYMENT_TARGET = 9.3;
				MTL_ENABLE_DEBUG_INFO = YES;
				ONLY_ACTIVE_ARCH = YES;
				SDKROOT = iphoneos;
				SWIFT_OPTIMIZATION_LEVEL = "-Onone";
			};
			name = Debug;
		};
		288B71421D206E9600BBB3EB /* Release */ = {
			isa = XCBuildConfiguration;
			buildSettings = {
				ALWAYS_SEARCH_USER_PATHS = NO;
				CLANG_ANALYZER_NONNULL = YES;
				CLANG_CXX_LANGUAGE_STANDARD = "gnu++0x";
				CLANG_CXX_LIBRARY = "libc++";
				CLANG_ENABLE_MODULES = YES;
				CLANG_ENABLE_OBJC_ARC = YES;
				CLANG_WARN_BOOL_CONVERSION = YES;
				CLANG_WARN_CONSTANT_CONVERSION = YES;
				CLANG_WARN_DIRECT_OBJC_ISA_USAGE = YES_ERROR;
				CLANG_WARN_EMPTY_BODY = YES;
				CLANG_WARN_ENUM_CONVERSION = YES;
				CLANG_WARN_INT_CONVERSION = YES;
				CLANG_WARN_OBJC_ROOT_CLASS = YES_ERROR;
				CLANG_WARN_UNREACHABLE_CODE = YES;
				CLANG_WARN__DUPLICATE_METHOD_MATCH = YES;
				"CODE_SIGN_IDENTITY[sdk=iphoneos*]" = "iPhone Developer";
				COPY_PHASE_STRIP = NO;
				DEBUG_INFORMATION_FORMAT = "dwarf-with-dsym";
				ENABLE_NS_ASSERTIONS = NO;
				ENABLE_STRICT_OBJC_MSGSEND = YES;
				GCC_C_LANGUAGE_STANDARD = gnu99;
				GCC_NO_COMMON_BLOCKS = YES;
				GCC_WARN_64_TO_32_BIT_CONVERSION = YES;
				GCC_WARN_ABOUT_RETURN_TYPE = YES_ERROR;
				GCC_WARN_UNDECLARED_SELECTOR = YES;
				GCC_WARN_UNINITIALIZED_AUTOS = YES_AGGRESSIVE;
				GCC_WARN_UNUSED_FUNCTION = YES;
				GCC_WARN_UNUSED_VARIABLE = YES;
				IPHONEOS_DEPLOYMENT_TARGET = 9.3;
				MTL_ENABLE_DEBUG_INFO = NO;
				SDKROOT = iphoneos;
				VALIDATE_PRODUCT = YES;
			};
			name = Release;
		};
		288B71441D206E9600BBB3EB /* Debug */ = {
			isa = XCBuildConfiguration;
			buildSettings = {
				ASSETCATALOG_COMPILER_APPICON_NAME = AppIcon;
				INFOPLIST_FILE = TipPro/Info.plist;
				LD_RUNPATH_SEARCH_PATHS = "$(inherited) @executable_path/Frameworks";
				PRODUCT_BUNDLE_IDENTIFIER = com.wordpress.abbyapps.TipPro;
				PRODUCT_NAME = "$(TARGET_NAME)";
			};
			name = Debug;
		};
		288B71451D206E9600BBB3EB /* Release */ = {
			isa = XCBuildConfiguration;
			buildSettings = {
				ASSETCATALOG_COMPILER_APPICON_NAME = AppIcon;
				INFOPLIST_FILE = TipPro/Info.plist;
				LD_RUNPATH_SEARCH_PATHS = "$(inherited) @executable_path/Frameworks";
				PRODUCT_BUNDLE_IDENTIFIER = com.wordpress.abbyapps.TipPro;
				PRODUCT_NAME = "$(TARGET_NAME)";
			};
			name = Release;
		};
/* End XCBuildConfiguration section */

/* Begin XCConfigurationList section */
		288B712C1D206E9500BBB3EB /* Build configuration list for PBXProject "TipPro" */ = {
			isa = XCConfigurationList;
			buildConfigurations = (
				288B71411D206E9600BBB3EB /* Debug */,
				288B71421D206E9600BBB3EB /* Release */,
			);
			defaultConfigurationIsVisible = 0;
			defaultConfigurationName = Release;
		};
		288B71431D206E9600BBB3EB /* Build configuration list for PBXNativeTarget "TipPro" */ = {
			isa = XCConfigurationList;
			buildConfigurations = (
				288B71441D206E9600BBB3EB /* Debug */,
				288B71451D206E9600BBB3EB /* Release */,
			);
			defaultConfigurationIsVisible = 0;
		};
/* End XCConfigurationList section */
	};
	rootObject = 288B71291D206E9500BBB3EB /* Project object */;
}
